
Microsoft Visual Studio Solution File, Format Version 12.00
# Visual Studio Version 17
VisualStudioVersion = 17.12.35527.113 d17.12
MinimumVisualStudioVersion = 10.0.40219.1
Project("{FAE04EC0-301F-11D3-BF4B-00C04F79EFBC}") = "MalenkijMelo.Services", "MalenkijMelo.Services\MalenkijMelo.Services.csproj", "{617E6603-5ED7-4DD2-83A1-D7A755EECB36}"
EndProject
Project("{FAE04EC0-301F-11D3-BF4B-00C04F79EFBC}") = "MalenkijMelo.Share", "..\MalenkijMelo.Share\MalenkijMelo.Share\MalenkijMelo.Share.csproj", "{861E63C8-E5EC-405A-B7D2-A0329D414520}"
EndProject
Global
	GlobalSection(SolutionConfigurationPlatforms) = preSolution
		Debug|Any CPU = Debug|Any CPU
		Release|Any CPU = Release|Any CPU
	EndGlobalSection
	GlobalSection(ProjectConfigurationPlatforms) = postSolution
		{617E6603-5ED7-4DD2-83A1-D7A755EECB36}.Debug|Any CPU.ActiveCfg = Debug|Any CPU
		{617E6603-5ED7-4DD2-83A1-D7A755EECB36}.Debug|Any CPU.Build.0 = Debug|Any CPU
		{617E6603-5ED7-4DD2-83A1-D7A755EECB36}.Release|Any CPU.ActiveCfg = Release|Any CPU
		{617E6603-5ED7-4DD2-83A1-D7A755EECB36}.Release|Any CPU.Build.0 = Release|Any CPU
		{861E63C8-E5EC-405A-B7D2-A0329D414520}.Debug|Any CPU.ActiveCfg = Debug|Any CPU
		{861E63C8-E5EC-405A-B7D2-A0329D414520}.Debug|Any CPU.Build.0 = Debug|Any CPU
		{861E63C8-E5EC-405A-B7D2-A0329D414520}.Release|Any CPU.ActiveCfg = Release|Any CPU
		{861E63C8-E5EC-405A-B7D2-A0329D414520}.Release|Any CPU.Build.0 = Release|Any CPU
	EndGlobalSection
	GlobalSection(SolutionProperties) = preSolution
		HideSolutionNode = FALSE
	EndGlobalSection
EndGlobal
